
Microsoft Visual Studio Solution File, Format Version 12.00
# Visual Studio 15
VisualStudioVersion = 15.0.26730.16
MinimumVisualStudioVersion = 10.0.40219.1
Project("{FAE04EC0-301F-11D3-BF4B-00C04F79EFBC}") = "Esercizio_Lamp", "Esercizio_Lamp.csproj", "{63AACCEF-E6CF-45C8-9364-35395340580A}"
EndProject
Global
	GlobalSection(SolutionConfigurationPlatforms) = preSolution
		Debug|Any CPU = Debug|Any CPU
		Release|Any CPU = Release|Any CPU
	EndGlobalSection
	GlobalSection(ProjectConfigurationPlatforms) = postSolution
		{63AACCEF-E6CF-45C8-9364-35395340580A}.Debug|Any CPU.ActiveCfg = Debug|Any CPU
		{63AACCEF-E6CF-45C8-9364-35395340580A}.Debug|Any CPU.Build.0 = Debug|Any CPU
		{63AACCEF-E6CF-45C8-9364-35395340580A}.Release|Any CPU.ActiveCfg = Release|Any CPU
		{63AACCEF-E6CF-45C8-9364-35395340580A}.Release|Any CPU.Build.0 = Release|Any CPU
	EndGlobalSection
	GlobalSection(SolutionProperties) = preSolution
		HideSolutionNode = FALSE
	EndGlobalSection
	GlobalSection(ExtensibilityGlobals) = postSolution
		SolutionGuid = {EBC49D3E-AE03-4B9B-83F8-8B74C7B64FE2}
	EndGlobalSection
EndGlobal
